
Microsoft Visual Studio Solution File, Format Version 12.00
# Visual Studio Version 17
VisualStudioVersion = 17.0.31903.59
MinimumVisualStudioVersion = 10.0.40219.1
Project("{FAE04EC0-301F-11D3-BF4B-00C04F79EFBC}") = "Contracts", "Contracts\Contracts.csproj", "{F32D2E30-282B-440B-9BC6-DADC3D5D2282}"
EndProject
Project("{FAE04EC0-301F-11D3-BF4B-00C04F79EFBC}") = "Shared", "Shared\Shared.csproj", "{F6342ADA-075B-494E-A66E-86CDBF76614F}"
EndProject
Project("{FAE04EC0-301F-11D3-BF4B-00C04F79EFBC}") = "Core", "Core\Core.csproj", "{68A7F949-81CE-4732-92A5-9F08EAA6AD06}"
EndProject
Global
	GlobalSection(SolutionConfigurationPlatforms) = preSolution
		Debug|Any CPU = Debug|Any CPU
		Release|Any CPU = Release|Any CPU
	EndGlobalSection
	GlobalSection(SolutionProperties) = preSolution
		HideSolutionNode = FALSE
	EndGlobalSection
	GlobalSection(ProjectConfigurationPlatforms) = postSolution
		{F32D2E30-282B-440B-9BC6-DADC3D5D2282}.Debug|Any CPU.ActiveCfg = Debug|Any CPU
		{F32D2E30-282B-440B-9BC6-DADC3D5D2282}.Debug|Any CPU.Build.0 = Debug|Any CPU
		{F32D2E30-282B-440B-9BC6-DADC3D5D2282}.Release|Any CPU.ActiveCfg = Release|Any CPU
		{F32D2E30-282B-440B-9BC6-DADC3D5D2282}.Release|Any CPU.Build.0 = Release|Any CPU
		{F6342ADA-075B-494E-A66E-86CDBF76614F}.Debug|Any CPU.ActiveCfg = Debug|Any CPU
		{F6342ADA-075B-494E-A66E-86CDBF76614F}.Debug|Any CPU.Build.0 = Debug|Any CPU
		{F6342ADA-075B-494E-A66E-86CDBF76614F}.Release|Any CPU.ActiveCfg = Release|Any CPU
		{F6342ADA-075B-494E-A66E-86CDBF76614F}.Release|Any CPU.Build.0 = Release|Any CPU
		{68A7F949-81CE-4732-92A5-9F08EAA6AD06}.Debug|Any CPU.ActiveCfg = Debug|Any CPU
		{68A7F949-81CE-4732-92A5-9F08EAA6AD06}.Debug|Any CPU.Build.0 = Debug|Any CPU
		{68A7F949-81CE-4732-92A5-9F08EAA6AD06}.Release|Any CPU.ActiveCfg = Release|Any CPU
		{68A7F949-81CE-4732-92A5-9F08EAA6AD06}.Release|Any CPU.Build.0 = Release|Any CPU
	EndGlobalSection
EndGlobal
